
Microsoft Visual Studio Solution File, Format Version 12.00
# Visual Studio Version 17
VisualStudioVersion = 17.10.35013.160
MinimumVisualStudioVersion = 10.0.40219.1
Project("{8BC9CEB8-8B4A-11D0-8D11-00A0C91BC942}") = "VRP_PARALELO", "VRP_PARALELO\VRP_PARALELO.vcxproj", "{F84ED49B-3C65-448D-AF56-CD19415DA385}"
EndProject
Global
	GlobalSection(SolutionConfigurationPlatforms) = preSolution
		Debug|x64 = Debug|x64
		Debug|x86 = Debug|x86
		Release|x64 = Release|x64
		Release|x86 = Release|x86
	EndGlobalSection
	GlobalSection(ProjectConfigurationPlatforms) = postSolution
		{F84ED49B-3C65-448D-AF56-CD19415DA385}.Debug|x64.ActiveCfg = Debug|x64
		{F84ED49B-3C65-448D-AF56-CD19415DA385}.Debug|x64.Build.0 = Debug|x64
		{F84ED49B-3C65-448D-AF56-CD19415DA385}.Debug|x86.ActiveCfg = Debug|Win32
		{F84ED49B-3C65-448D-AF56-CD19415DA385}.Debug|x86.Build.0 = Debug|Win32
		{F84ED49B-3C65-448D-AF56-CD19415DA385}.Release|x64.ActiveCfg = Release|x64
		{F84ED49B-3C65-448D-AF56-CD19415DA385}.Release|x64.Build.0 = Release|x64
		{F84ED49B-3C65-448D-AF56-CD19415DA385}.Release|x86.ActiveCfg = Release|Win32
		{F84ED49B-3C65-448D-AF56-CD19415DA385}.Release|x86.Build.0 = Release|Win32
	EndGlobalSection
	GlobalSection(SolutionProperties) = preSolution
		HideSolutionNode = FALSE
	EndGlobalSection
	GlobalSection(ExtensibilityGlobals) = postSolution
		SolutionGuid = {91E1F74E-342A-43C5-AEF2-741D4A3F3243}
	EndGlobalSection
EndGlobal
